
Microsoft Visual Studio Solution File, Format Version 12.00
# Visual Studio Version 17
VisualStudioVersion = 17.9.34714.143
MinimumVisualStudioVersion = 10.0.40219.1
Project("{FAE04EC0-301F-11D3-BF4B-00C04F79EFBC}") = "AlanyaMedicalHelp", "AlanyaMedicalHelp\AlanyaMedicalHelp.csproj", "{C3C98791-4511-4CFF-9789-65E8086789EC}"
EndProject
Project("{54435603-DBB4-11D2-8724-00A0C9A8B90C}") = "AlanyaMedicalHelpSetup", "AlanyaMedicalHelpSetup\AlanyaMedicalHelpSetup.vdproj", "{8E99A538-2991-4788-B47D-0A2B494CCCEA}"
EndProject
Global
	GlobalSection(SolutionConfigurationPlatforms) = preSolution
		Debug|Any CPU = Debug|Any CPU
		Release|Any CPU = Release|Any CPU
	EndGlobalSection
	GlobalSection(ProjectConfigurationPlatforms) = postSolution
		{C3C98791-4511-4CFF-9789-65E8086789EC}.Debug|Any CPU.ActiveCfg = Debug|Any CPU
		{C3C98791-4511-4CFF-9789-65E8086789EC}.Debug|Any CPU.Build.0 = Debug|Any CPU
		{C3C98791-4511-4CFF-9789-65E8086789EC}.Release|Any CPU.ActiveCfg = Release|Any CPU
		{C3C98791-4511-4CFF-9789-65E8086789EC}.Release|Any CPU.Build.0 = Release|Any CPU
		{8E99A538-2991-4788-B47D-0A2B494CCCEA}.Debug|Any CPU.ActiveCfg = Debug
		{8E99A538-2991-4788-B47D-0A2B494CCCEA}.Release|Any CPU.ActiveCfg = Release
	EndGlobalSection
	GlobalSection(SolutionProperties) = preSolution
		HideSolutionNode = FALSE
	EndGlobalSection
	GlobalSection(ExtensibilityGlobals) = postSolution
		SolutionGuid = {893CBB7E-28EB-47B7-BE67-EAD9DAB0D349}
	EndGlobalSection
EndGlobal
